
Microsoft Visual Studio Solution File, Format Version 12.00
# Visual Studio Version 17
VisualStudioVersion = 17.9.34701.34
MinimumVisualStudioVersion = 10.0.40219.1
Project("{FAE04EC0-301F-11D3-BF4B-00C04F79EFBC}") = "Calculadora", "Calculadora\Calculadora.csproj", "{67F385F7-2D1A-47D2-B5E4-7CE350BF6DCE}"
EndProject
Global
	GlobalSection(SolutionConfigurationPlatforms) = preSolution
		Debug|Any CPU = Debug|Any CPU
		Release|Any CPU = Release|Any CPU
	EndGlobalSection
	GlobalSection(ProjectConfigurationPlatforms) = postSolution
		{67F385F7-2D1A-47D2-B5E4-7CE350BF6DCE}.Debug|Any CPU.ActiveCfg = Debug|Any CPU
		{67F385F7-2D1A-47D2-B5E4-7CE350BF6DCE}.Debug|Any CPU.Build.0 = Debug|Any CPU
		{67F385F7-2D1A-47D2-B5E4-7CE350BF6DCE}.Release|Any CPU.ActiveCfg = Release|Any CPU
		{67F385F7-2D1A-47D2-B5E4-7CE350BF6DCE}.Release|Any CPU.Build.0 = Release|Any CPU
	EndGlobalSection
	GlobalSection(SolutionProperties) = preSolution
		HideSolutionNode = FALSE
	EndGlobalSection
	GlobalSection(ExtensibilityGlobals) = postSolution
		SolutionGuid = {F2F3939E-5E99-42F8-9094-BF97A0AD2E5D}
	EndGlobalSection
EndGlobal
